
Microsoft Visual Studio Solution File, Format Version 12.00
# Visual Studio Version 17
VisualStudioVersion = 17.11.35219.272
MinimumVisualStudioVersion = 10.0.40219.1
Project("{F2A71F9B-5D33-465A-A702-920D77279786}") = "r25", "r25\r25.fsproj", "{AB413BAB-C731-405E-A440-838126509571}"
EndProject
Global
	GlobalSection(SolutionConfigurationPlatforms) = preSolution
		Debug|Any CPU = Debug|Any CPU
		Debug|x64 = Debug|x64
		Release|Any CPU = Release|Any CPU
		Release|x64 = Release|x64
	EndGlobalSection
	GlobalSection(ProjectConfigurationPlatforms) = postSolution
		{AB413BAB-C731-405E-A440-838126509571}.Debug|Any CPU.ActiveCfg = Debug|Any CPU
		{AB413BAB-C731-405E-A440-838126509571}.Debug|Any CPU.Build.0 = Debug|Any CPU
		{AB413BAB-C731-405E-A440-838126509571}.Debug|x64.ActiveCfg = Debug|x64
		{AB413BAB-C731-405E-A440-838126509571}.Debug|x64.Build.0 = Debug|x64
		{AB413BAB-C731-405E-A440-838126509571}.Release|Any CPU.ActiveCfg = Release|Any CPU
		{AB413BAB-C731-405E-A440-838126509571}.Release|Any CPU.Build.0 = Release|Any CPU
		{AB413BAB-C731-405E-A440-838126509571}.Release|x64.ActiveCfg = Release|x64
		{AB413BAB-C731-405E-A440-838126509571}.Release|x64.Build.0 = Release|x64
	EndGlobalSection
	GlobalSection(SolutionProperties) = preSolution
		HideSolutionNode = FALSE
	EndGlobalSection
	GlobalSection(ExtensibilityGlobals) = postSolution
		SolutionGuid = {99B6C44A-3D84-4824-BB62-8F31B599C928}
	EndGlobalSection
EndGlobal
